
Microsoft Visual Studio Solution File, Format Version 12.00
# Visual Studio Version 17
VisualStudioVersion = 17.11.35208.52
MinimumVisualStudioVersion = 10.0.40219.1
Project("{FAE04EC0-301F-11D3-BF4B-00C04F79EFBC}") = "Cp01 - Calculadora", "Cp01 - Calculadora\Cp01 - Calculadora.csproj", "{5382998A-FCEF-4622-81A8-AFD684947AC1}"
EndProject
Global
	GlobalSection(SolutionConfigurationPlatforms) = preSolution
		Debug|Any CPU = Debug|Any CPU
		Release|Any CPU = Release|Any CPU
	EndGlobalSection
	GlobalSection(ProjectConfigurationPlatforms) = postSolution
		{5382998A-FCEF-4622-81A8-AFD684947AC1}.Debug|Any CPU.ActiveCfg = Debug|Any CPU
		{5382998A-FCEF-4622-81A8-AFD684947AC1}.Debug|Any CPU.Build.0 = Debug|Any CPU
		{5382998A-FCEF-4622-81A8-AFD684947AC1}.Release|Any CPU.ActiveCfg = Release|Any CPU
		{5382998A-FCEF-4622-81A8-AFD684947AC1}.Release|Any CPU.Build.0 = Release|Any CPU
	EndGlobalSection
	GlobalSection(SolutionProperties) = preSolution
		HideSolutionNode = FALSE
	EndGlobalSection
	GlobalSection(ExtensibilityGlobals) = postSolution
		SolutionGuid = {60CA60E2-E0CB-4FA1-91BA-7FE706C37BA5}
	EndGlobalSection
EndGlobal
